cloud.google.com/go v0.115.1 h1:sPhKzByP5t6IKRJy9s60MJkVVvHhRq4ksnCYkXU+lc=
cloud.google.com/go v0.115.1/go.mod h1:Ua7SLSaYqSs7L5n8eqVvEO8I5VjVTFg3yjc0xVBXs=
cloud.google.com/go/aiplatform v1.48.0 h1:2w6iLVKaKaKfZM8u3BoC6K5rGXTTd1Rw6eZ+PjJZg=
cloud.google.com/go/aiplatform v1.48.0/go.mod h1:7eLhCtb2xHDJMzSEWf5dV4xQgWqFULcvMtqO2kpmEw=
cloud.google.com/go/bigquery v1.61.0 h1:Oy1h3d7EhEVq+7YJaRvAr5gMDIZzz/aQF0l5wOVs8=
cloud.google.com/go/bigquery v1.61.0/go.mod h1:9z5h48xSf3Q0JHwv+dQIw3xbKBwFGNQfk+7V7txvs=
cloud.google.com/go/dlp v1.13.0 h1:NdPDVKYHk5xh7V/qlXBHaH4bnxv8XQgcLEmCXlCxs=
cloud.google.com/go/dlp v1.13.0/go.mod h1:clv7YhjPxZCAqjvCQQqVGKbRRKQ06dqpGAAe3qSoKw=
cloud.google.com/go/storage v1.41.0 h1:CXAu4dTMJl10rmUIlnvqPumgKCEJD7TBLEkWqxyAQQ=
cloud.google.com/go/storage v1.41.0/go.mod h1:L7xdNlPfBLNZb8dj1Wz8v6nTBvRJmCMJTh1N3FzSE=
cloud.google.com/go/vertexai v1.8.0 h1:rh8v3gQyZt0yJLXJmjvnECzVQGVymqYmZMt/r6WZ1w=
cloud.google.com/go/vertexai v1.8.0/go.mod h1:PVBqEVnMbdCsG8/FvU6OTxDQqvBWdJDqMVSr1p/UXU=
github.com/bytedance/sonic v1.11.1 h1:ZSw9nktKO6nqHckpezXcIw2I/Yq1UjCVdUDx3/aFaE=
github.com/bytedance/sonic v1.11.1/go.mod h1:iZcSUejc5j0i+n3gz8481+f3FSuvL9ClY2U6v7Q7WY=
github.com/census-instrumentation/opencensus-proto v0.4.1-0.20231002182611-674f6eb53981 h1:Kx9RT5uZSxq80hR/Vn1QqKGJpFpFkDAMFRqUJeXdpk=
github.com/census-instrumentation/opencensus-proto v0.4.1-0.20231002182611-674f6eb53981/go.mod h1:PZzIw9Xt2Xf4YzP0ZcVQrm7M+dVqAaIb8hKFjhKjI=
github.com/cespare/xxhash/v2 v2.3.0 h1:UL815xU9SqsASmhBgnig8KojZWjvdwQILWap0Pf37I=
github.com/cespare/xxhash/v2 v2.3.0/go.mod h1:O1jvIV3IsaKKw7p5kUrzrHGetW1CLWKprQnkY4zhys=
github.com/chenzhuoyu/base64x v0.0.0-20240604165344-fa7b285d3678 h1:KeCV+ls98X57CAv+resonX3BTcxpVToff3+kPSoC8jw=
github.com/chenzhuoyu/base64x v0.0.0-20240604165344-fa7b285d3678/go.mod h1:7XUVvryYvgnX2EsVFSXeUBeEfako9fBSUO9/P87Kw8=
github.com/cloudflare/circl v1.3.9 h1:a2EkVeDW+8XyFxnzXzj6VMSfgkL+juyB0yqyLHq3/Y=
github.com/cloudflare/circl v1.3.9/go.mod h1:jZJtfjgud8wj5S7+lIcSO629arm7G1QzoC3utF3fsQ=
github.com/cncf/xds/go v0.0.0-20240423153812-140569c3ee94 h1:wrLM2mEG9p0flUeAWlnvbBuRdMbL1f8K0dyLU4eVzY=
github.com/cncf/xds/go v0.0.0-20240423153812-140569c3ee94/go.mod h1:NxSsOGuNSwa1JsD7yq7ZUKCSC01Kxn0me1O7p48vHY=
github.com/envoyproxy/go-control-plane v0.12.0 h1:4X+VP1GHd1Mwv6nNFbyJ3Z6nnje+FNMft0jkl3TTqA=
github.com/envoyproxy/go-control-plane v0.12.0/go.mod h1:ZBTaoJ23lqITozF0M6SXKNF7BI9UY2awT8c+g8wL2I=
github.com/envoyproxy/protoc-gen-validate v1.0.4 h1:gVPz/FMsmbA5i6WNcwOKT3QCn4t0bHeMqeC5aZCSbs=
github.com/envoyproxy/protoc-gen-validate v1.0.4/go.mod h1:qys6tmnRVMd4Fjzo3bAIKShen28nUuYbog+mMziAt0=
github.com/felixge/httpsnoop v1.0.4 h1:NFTV2Zj1bL4mc9sqWACXbQFZDfwkL7X/8y+M583Jgw=
github.com/felixge/httpsnoop v1.0.4/go.mod h1:m8KPJKqk8goMJcL8D3ERdwgEQWZRcMGIEenXdrqbMw=
github.com/gabriel-vasile/mimetype v1.4.4 h1:QjV4pciLNq/q4DEAtriKKAdeWAftIB/dwnBvqqs/g8=
github.com/gabriel-vasile/mimetype v1.4.4/go.mod h1:5LFKQ6n5jtYqHeD7MnRC7leaf3HNsFnea3DVUzu7sY=
github.com/gin-contrib/sse v0.1.0 h1:Y/yl/+YNO8GZSvPa1lMwpgwXlTeUek05Id6z3xvsDuY=
github.com/gin-contrib/sse v0.1.0/go.mod h1:RHrZDIsGBP4rawTASUuhLpR5URcNh4+U1MwI5xE57w=
github.com/gin-gonic/gin v1.10.0 h1:nTnNGlGEZOuT5DKwvPZuTUoSfSxiM5CxLr/AVJ3Oof=
github.com/gin-gonic/gin v1.10.0/go.mod h1:4CMRcapkG7/4tNFijAstMGfsYL6ibQMP6LRRP3Z6s0=
github.com/go-logr/logr v1.4.2 h1:6pFjapn8bFcIbiKo3XT4j/BhANplGihG6TVnjNj91o=
github.com/go-logr/logr v1.4.2/go.mod h1:9T104GzyrTigFIr8wt5NwuoN5aeY7us7ZrXIPiJ+fY=
github.com/go-logr/stdr v1.2.2 h1:hSWxHoqTgW2S2qGc0LTAI563KZ5DncfsrRZquaXebY=
github.com/go-logr/stdr v1.2.2/go.mod h1:mMo8tVoU+k6W4WHZHF58eNwWstWx4LCe1klscObkfo=
github.com/go-playground/locales v0.14.1 h1:EWaQ/wswjilfKLTECiXz7Rh+3BjFhfDFKS/OP7lWY0=
github.com/go-playground/locales v0.14.1/go.mod h1:hxrqLVvrK65+Rwrd5Fc6F2O76J0NqWOlgxEksYvwy4=
github.com/go-playground/universal-translator v0.18.1 h1:Bcnm0ZwsGyWbxxiNn33dqJyAgqoSa9qNbmNCqj13gk=
github.com/go-playground/universal-translator v0.18.1/go.mod h1:xO0FLkIi5MaZafoz2CLN8c1dd2NRmix40yrig6+Gw0=
github.com/go-playground/validator/v10 v10.21.0 h1:hsEnj37QosIW6z5WhYFkE0OK+Fp3dBuwcs+ytQjnks=
github.com/go-playground/validator/v10 v10.21.0/go.mod h1:dbuPbCMFw16N/wAaWDwPSqVv8m/p6IrmWE8P002DQ=
github.com/goccy/go-json v0.10.3 h1:KZ2pgubXHEvVBoM4E9qayx3z+qtMJJdt3XW+4XgK6o=
github.com/goccy/go-json v0.10.3/go.mod h1:oq7eo15ShAhxn1SX0yzo3UsvDLfdJo3gysxE/1nUJE=
github.com/golang/groupcache v0.0.0-20210331224755-41bb18bfe9da h1:oI5xCqsCo564l8iNU+DwwqqgM811p3IA9HqYlSAWw=
github.com/golang/groupcache v0.0.0-20210331224755-41bb18bfe9da/go.mod h1:cIg4eruTrX1D+g88fzRSI+rQsanwP4cd/ClEkW7ZGU=
github.com/golang/protobuf v1.5.4 h1:i7eJL8qZTpP/7V3e7NSetvV1IH0v2pfs+xvBWnJq7A=
github.com/golang/protobuf v1.5.4/go.mod h1:lnTizoQFlBjQwgFN6DvnawksKHEkg4jWp9XB3ur82g=
github.com/google/go-cmp v0.6.0 h1:ofyhxvXcZhMsNmxtngo2IVCcBCAP84hMSwGpuI/QYY=
github.com/google/go-cmp v0.6.0/go.mod h1:17dUlkBOakJ0+DkrSSNNcushImn4/WjQ9+N9ABC+2M=
github.com/google/go-querystring v1.1.0 h1:AnCroh3fzYvO+brlMRPqoA9TnRtZBLc3 qmwSstw0M=
github.com/google/go-querystring v1.1.0/go.mod h1:Uc2nrlQgC5RP9+w0cs7T8df8jhEJYghQJvjc41iJu4=
github.com/google/s2a-go v0.1.8 h1:Ssehi+n6r0xm8F1EkEtt8u76ysJRVYL6O0VzJoJMcI=
github.com/google/s2a-go v0.1.8/go.mod h1:VF8JJVPFdgLkQ3fMW+7HrfeFCEKiRqO4pLSn6MnYiw=
github.com/google/uuid v1.6.0 h1:NIvaJDMOsjHA8n1jAhLSgzrAzy1Cm7ycleF7iPY/4o=
github.com/google/uuid v1.6.0/go.mod h1:TIyPZe4MgqvfeYDBFedMoGGpEw/LqOQabyRUzvvkSo=
github.com/googleapis/enterprise-certificate-proxy v0.3.2 h1:oDHwtaHxdWfKd0nuLraWNMc3dH12cuZau7IBagfvR8=
github.com/googleapis/enterprise-certificate-proxy v0.3.2/go.mod h1:VLSiS2Ok27hV59fJ1tiVFHYYYogo0yX/duNQDx0QSE=
github.com/googleapis/gax-go/v2 v2.12.5 h1:8bwKy5zliIB+V/AVnUGGmKvknWVvn9aPl7VHlqBKec=
github.com/googleapis/gax-go/v2 v2.12.5/go.mod h1:BUDKcWo+RaKq+gNapQ7V/9KsgeNAqSroV1zba30qnn=
github.com/grpc-ecosystem/grpc-gateway/v2 v2.20.0 h1:bkypFPDjnSoRTmMvkBjG6/o4aMQd6CHs3eupws5fQA=
github.com/grpc-ecosystem/grpc-gateway/v2 v2.20.0/go.mod h1:P+Lt/0by1T8bfcgc8K9FJL2QHS2QwIMzsTMi7j+O1c=
github.com/json-iterator/go v1.1.12 h1:PV8peI4a0yS09DyMsJXW7FQPu25VNExDEXDAKX/1YY=
github.com/json-iterator/go v1.1.12/go.mod h1:e30G1JV3rwQ4UcfqBlDP8Bc6hxNJAtBviLi3PojsrH=
github.com/klauspost/cpuid/v2 v2.2.8 h1:+StwCXwm9PdquCompNMTgJVUyDrVRRq0fL4O8Kwtbo=
github.com/klauspost/cpuid/v2 v2.2.8/go.mod h1:Lcz8mBdAVJndgo5wkIowQv7XO8v+h+u2oBf5mWWpM4=
github.com/leodido/go-urn v1.4.0 h1:uchL9wSnnI23aha9mstegmp3mchg2+d9U2ZwIq2x0Y=
github.com/leodido/go-urn v1.4.0/go.mod h1:bwwl5+UBIc+dayDG7bLyl6yacLKstL+/ywch/+2tE8=
github.com/mattn/go-isatty v0.0.20 h1:an3psxK7U5ww+08o/plAIAUadQORnGojwWvQu9jvNM=
github.com/mattn/go-isatty v0.0.20/go.mod h1:2LSvsSZe5FCEl2jUUQKJ1/f7LY3xYc7MSZuS7vs/gg=
github.com/modern-go/concurrent v0.0.0-20230330173713-942fedbb3226 h1:xrEtvrAe1+f2dZmGfbKLlJw1xJLBfvDUHe/rGDNWC4=
github.com/modern-go/concurrent v0.0.0-20230330173713-942fedbb3226/go.mod h1:xvqfmwABUiFw17S/cqt5QIaXK66ebdlF9mrXl7cS94=
github.com/modern-go/reflect2 v1.0.2 h1:xBagoLtFs94CBntxluKeaWgTMpvLxC4PKwSigQa5Dg=
github.com/modern-go/reflect2 v1.0.2/go.mod h1:yWuCS7NRJ+mrC+vb+75vIY4Oo/94ejWATJyGLAYTek=
github.com/patrickmn/go-cache v2.1.0+incompatible h1:HRMwTqWFSFvxk8XifNWWpV36hL7rsFaBmRnIbtNhx0=
github.com/patrickmn/go-cache v2.1.0+incompatible/go.mod h1:3Qf8kWWKx2cedXDApkC3QixvidPLlIj+xbRvlWSrU=
github.com/pelletier/go-toml/v2 v2.2.2 h1:aYUidT7k73Pcl9nb2gScu7NSrKq6OW7kQwCMSAQtNE=
github.com/pelletier/go-toml/v2 v2.2.2/go.mod h1:1t835xjwgeb/C0r-7NC6j1WNvn4AXALMNZ+0S5fXw=
github.com/ugorji/go/codec v1.2.12 h1:9LC83zGSQL9RNLhSisTZF639V0KQhSJVvuMJJc882s=
github.com/ugorji/go/codec v1.2.12/go.mod h1:UNopzCgEMSXjBc2IgjKMUvKwHfJWAoYQ+Xik00KNVk=
go.opencensus.io v0.24.0 h1:y73uSU6J157QMP2kn2r30vwW1A2W2RN+mbgh7xl5EQ=
go.opencensus.io v0.24.0/go.mod h1:vNK8G9p7aAivxkLkapLMrluLMxtoxpxR1fXV+xjBwE=
go.opentelemetry.io/contrib/instrumentation/google.golang.org/grpc/otelgrpc v0.49.0 h1:4Pp6NoynzNIHkh4zcKL0gst2MelIB6w3CvqcoYDdF8=
go.opentelemetry.io/contrib/instrumentation/google.golang.org/grpc/otelgrpc v0.49.0/go.mod h1:Mjvir3HD7LWeNN0gTX0uP8YZote5Pc3r5eKfEj3g7w=
go.opentelemetry.io/contrib/instrumentation/net/http/otelhttp v0.49.0 h1:jq9/ZK8/e6NSMMQmK5LHW5eIBJc0ThkNSiVjhMcyhw=
go.opentelemetry.io/contrib/instrumentation/net/http/otelhttp v0.49.0/go.mod h1:p8pIBqLvVP6A7rQm4UV+LqORRptO9HUZKsruc2xcmM=
go.opentelemetry.io/otel v1.24.1 h1:CsKnnL4dUAr/0llH9FPSxxpHP0MN4fIrametprxSUQ=
go.opentelemetry.io/otel v1.24.1/go.mod h1:GiqqsiBmw7u7wrXCiRjrKY5P2FPkqItYsdRXE6SbrQ=
go.opentelemetry.io/otel/metric v1.24.1 h1:jMiL1vKwY5Y9N5R9L3CvIK+bVFSo9r0Cba7rQ1pf4A=
go.opentelemetry.io/otel/metric v1.24.1/go.mod h1:pfZLyI+KSV33KködMVnKLXpO/JLF1QrdQEJy5THsCw=
go.opentelemetry.io/otel/trace v1.24.1 h1:sVzaijAWWtZpMXNA2ZcKP7PhcBIjWtXnVlqFBy3qSs=
go.opentelemetry.io/otel/trace v1.24.1/go.mod h1:2lpujg7tqdwN+w/pCNGbqoRc8vx1YcKHHSCKQD5pe8=
go.uber.org/multierr v1.11.0 h1:blXXJkSxSSfBVBlC2gZ5Kpa6fvLPg/WyUnmKQD5ciI=
go.uber.org/multierr v1.11.0/go.mod h1:20+QtNqh0GMq5wcRmsZ3rOrXXQbSTgiSnnOyHmCn7Y=
golang.org/x/crypto v0.25.0 h1:ypSPzCC7IZ9BLm1z041fsw2UVstiKuptqqJcYDxtWs=
golang.org/x/crypto v0.25.0/go.mod h1:R5l8qOG4rqvKSwQsNUUlwm6zV1xe5w5rtfvslWrChg=
golang.org/x/net v0.27.0 h1:5K3Njcw06/l2y9vpGCSdNIDIwNmNkVINVO78j+qC3Y=
golang.org/x/net v0.27.0/go.mod h1:dQx6DCQB6cBF775vTYlJ+TLcoLQykbluCHCqUKUcsM=
golang.org/x/oauth2 v0.21.0 h1:tsimM75w1tF/fwA5rL+UXrZqv8/y8SK9/ggafktxs=
golang.org/x/oauth2 v0.21.0/go.mod h1:XYTD2NtWslqkgxykYUL9Rw3mRr6LFSD+GiYLU2xOQ=
golang.org/x/sync v0.8.0 h1:zqz1v9d8zsfLmK7aq7zt+lUGwRYEUeqvzDs8+N8UL0=
golang.org/x/sync v0.8.0/go.mod h1:Czt+wKu+jkqNcNyLVd+y2SkS6L8VB56XQMhmCLInstance_Util:wY7S7I4Ljw=
golang.org/x/sys v0.22.0 h1:RI27ghm8oNcWI9HAfFEqFsuWE62pkgeqDQStaV2Ky8=
golang.org/x/sys v0.22.0/go.mod h1:/VUhepiaJMQUp4+4Ga2LqXDiS04GrDFdWasbBoZAb0=
golang.org/x/text v0.16.0 h1:a94ExnEXNtEwYLGJSIUxnWoxoRz/ZcCUs4b5QSZkJk=
golang.org/x/text v0.16.0/go.mod h1:GhwF1Be+LQoKShO3cGOHzqOgRrGaYc9AvblQOmPVHQ=
golang.org/x/time v0.5.0 h1:o7cqy6amK/9+y1FrqSgdM6T+y/W1K6Z0KPVcore2NM=
golang.org/x/time v0.5.0/go.mod h1:3BpzKkrqSJDb3QXzQOBstf3dNYsbAStLVkwSqxCnWY=
golang.org/x/xerrors v0.0.0-20220907171357-04be3eba64a2 h1:H2TDz8ibqkAF6YGhCdN3jS9O63p+7hxvf/v3IhmeE4=
golang.org/x/xerrors v0.0.0-20220907171357-04be3eba64a2/go.mod h1:K8+ghG5WaK0ZitVsr98ABByqimQ7 Ej87XO7SJtH7DQ=
google.golang.org/api v0.188.0 h1:UAXnLiB0gm2e51bfVqvP0nLrEGFzFdLrWlKVnxmE74=
google.golang.org/api v0.188.0/go.mod h1:VzwV+inxunqh1QlIZwVrLAH1JQdO+l0DwKLURL1xvg=
google.golang.org/genproto v0.0.0-20240814211410-ddb44dfa0e6f h1:m1rL9g4C7MhUbSJLUhYfqNKN6M0PEi5pFRMN2eLPnQ=
google.golang.org/genproto v0.0.0-20240814211410-ddb44dfa0e6f/go.mod h1:sTxRcAl15lJRLn2Lh3m8Q3kR4quG8UeqSJm/LEY7z0=
google.golang.org/genproto/googleapis/api v0.0.0-20240814211410-ddb44dfa0e6f h1:JL0mvCJmJhd006R2KJoLM7h6bYNEHZ1AGN7AyfIYUc=
google.golang.org/genproto/googleapis/api v0.0.0-20240814211410-ddb44dfa0e6f/go.mod h1:Ue6ibwXGpU+dqIIpwnV8qweiXscxONIsR2cf7YNV0s=
google.golang.org/genproto/googleapis/rpc v0.0.0-20240814211410-ddb44dfa0e6f h1:wKguqg38yvWRvKgaLSWMLC2dEQjlj1LXd2EY1wVzEI=
google.golang.org/genproto/googleapis/rpc v0.0.0-20240814211410-ddb44dfa0e6f/go.mod h1:UqMrQmCGYokPte0qUe5+2/Ci71fzCKPDI3kE8xRXs=
google.golang.org/grpc v1.65.0 h1:bs/cUb4lp1QsIlUP9dKn4 hz3vNUQElKQS7ijg7cwU=
google.golang.org/grpc v1.65.0/go.mod h1:WgYC2ypjlB0EiQi6wdKixMqErqae4nfQBvarFTnQfY=
google.golang.org/protobuf v1.34.1 h1:9ddQBjfCyNPBC0+b8f2QsburVcBsajigogVQNcWDN0=
google.golang.org/protobuf v1.34.1/go.mod h1:c6P6GXX6sHbq/GqzsF231K628Sr3gFewZ2AA6dM1zk=
gopkg.in/yaml.v3 v3.0.1 h1:fxVm/GzuluF3lrD5A8ouBwqI2/K3d28nUgo129wWwI=
gopkg.in/yaml.v3 v3.0.1/go.mod h1:K4uyk7z7BCEPqu6E+C64Yfv1cQ41KV/bX4QJ5I/twY=
